// !$*UTF8*$!
{
	archiveVersion = 1;
	classes = {
	};
	objectVersion = 55;
	objects = {

/* Begin PBXBuildFile section */
		E9029D44288AC7DB0041CDE3 /* DatabaseService.swift in Sources */ = {isa = PBXBuildFile; fileRef = E9029D43288AC7DB0041CDE3 /* DatabaseService.swift */; };
		E9029D46288E73570041CDE3 /* UserModel.swift in Sources */ = {isa = PBXBuildFile; fileRef = E9029D45288E73570041CDE3 /* UserModel.swift */; };
		E9029D48288E7FC20041CDE3 /* AuthService.swift in Sources */ = {isa = PBXBuildFile; fileRef = E9029D47288E7FC10041CDE3 /* AuthService.swift */; };
		E9869305288F30D4009DFF0C /* AEXML in Frameworks */ = {isa = PBXBuildFile; productRef = E9869304288F30D4009DFF0C /* AEXML */; };
		E9869308288F3145009DFF0C /* FirebaseAuth in Frameworks */ = {isa = PBXBuildFile; productRef = E9869307288F3145009DFF0C /* FirebaseAuth */; };
		E986930A288F3145009DFF0C /* FirebaseAuthCombine-Community in Frameworks */ = {isa = PBXBuildFile; productRef = E9869309288F3145009DFF0C /* FirebaseAuthCombine-Community */; };
		E986930C288F3145009DFF0C /* FirebaseDatabase in Frameworks */ = {isa = PBXBuildFile; productRef = E986930B288F3145009DFF0C /* FirebaseDatabase */; };
		E986930E288F3145009DFF0C /* FirebaseDatabaseSwift in Frameworks */ = {isa = PBXBuildFile; productRef = E986930D288F3145009DFF0C /* FirebaseDatabaseSwift */; };
		E9869310288F3145009DFF0C /* FirebaseFirestore in Frameworks */ = {isa = PBXBuildFile; productRef = E986930F288F3145009DFF0C /* FirebaseFirestore */; };
		E9869312288F3145009DFF0C /* FirebaseFirestoreCombine-Community in Frameworks */ = {isa = PBXBuildFile; productRef = E9869311288F3145009DFF0C /* FirebaseFirestoreCombine-Community */; };
		E9869314288F3145009DFF0C /* FirebaseFirestoreSwift in Frameworks */ = {isa = PBXBuildFile; productRef = E9869313288F3145009DFF0C /* FirebaseFirestoreSwift */; };
		E9869316288F3145009DFF0C /* FirebaseStorage in Frameworks */ = {isa = PBXBuildFile; productRef = E9869315288F3145009DFF0C /* FirebaseStorage */; };
		E9869318288F3145009DFF0C /* FirebaseStorageCombine-Community in Frameworks */ = {isa = PBXBuildFile; productRef = E9869317288F3145009DFF0C /* FirebaseStorageCombine-Community */; };
		E993252928815A8D0018D3CA /* GoogleService-Info.plist in Resources */ = {isa = PBXBuildFile; fileRef = E993252828815A8D0018D3CA /* GoogleService-Info.plist */; };
		E9932552288189A80018D3CA /* ProfileVM.swift in Sources */ = {isa = PBXBuildFile; fileRef = E9932551288189A80018D3CA /* ProfileVM.swift */; };
		E9E277A1287EBB0D00360F67 /* import_files in Resources */ = {isa = PBXBuildFile; fileRef = E9E277A0287EBB0D00360F67 /* import_files */; };
		E9E277A5287EF47400360F67 /* OrderModel.swift in Sources */ = {isa = PBXBuildFile; fileRef = E9E277A4287EF47400360F67 /* OrderModel.swift */; };
		E9E277A7287EF7FC00360F67 /* ShowOrderVC.swift in Sources */ = {isa = PBXBuildFile; fileRef = E9E277A6287EF7FC00360F67 /* ShowOrderVC.swift */; };
		E9E277A9287EF83A00360F67 /* ShowOrderVM.swift in Sources */ = {isa = PBXBuildFile; fileRef = E9E277A8287EF83A00360F67 /* ShowOrderVM.swift */; };
		EE06A397287DB6EB0086594D /* AppDelegate.swift in Sources */ = {isa = PBXBuildFile; fileRef = EE06A396287DB6EB0086594D /* AppDelegate.swift */; };
		EE06A399287DB6EB0086594D /* SceneDelegate.swift in Sources */ = {isa = PBXBuildFile; fileRef = EE06A398287DB6EB0086594D /* SceneDelegate.swift */; };
		EE06A3A1287DB6EB0086594D /* PalitraProduct2.xcdatamodeld in Sources */ = {isa = PBXBuildFile; fileRef = EE06A39F287DB6EB0086594D /* PalitraProduct2.xcdatamodeld */; };
		EE06A3A3287DB6EC0086594D /* Assets.xcassets in Resources */ = {isa = PBXBuildFile; fileRef = EE06A3A2287DB6EC0086594D /* Assets.xcassets */; };
		EE06A3A6287DB6EC0086594D /* LaunchScreen.storyboard in Resources */ = {isa = PBXBuildFile; fileRef = EE06A3A4287DB6EC0086594D /* LaunchScreen.storyboard */; };
		EE06A3C1287DBAA10086594D /* Order+CoreDataClass.swift in Sources */ = {isa = PBXBuildFile; fileRef = EE06A3B1287DBAA10086594D /* Order+CoreDataClass.swift */; };
		EE06A3C2287DBAA10086594D /* Order+CoreDataProperties.swift in Sources */ = {isa = PBXBuildFile; fileRef = EE06A3B2287DBAA10086594D /* Order+CoreDataProperties.swift */; };
		EE06A3C3287DBAA10086594D /* Price+CoreDataClass.swift in Sources */ = {isa = PBXBuildFile; fileRef = EE06A3B3287DBAA10086594D /* Price+CoreDataClass.swift */; };
		EE06A3C4287DBAA10086594D /* Price+CoreDataProperties.swift in Sources */ = {isa = PBXBuildFile; fileRef = EE06A3B4287DBAA10086594D /* Price+CoreDataProperties.swift */; };
		EE06A3C5287DBAA10086594D /* Product+CoreDataClass.swift in Sources */ = {isa = PBXBuildFile; fileRef = EE06A3B5287DBAA10086594D /* Product+CoreDataClass.swift */; };
		EE06A3C6287DBAA10086594D /* Product+CoreDataProperties.swift in Sources */ = {isa = PBXBuildFile; fileRef = EE06A3B6287DBAA10086594D /* Product+CoreDataProperties.swift */; };
		EE06A3C7287DBAA10086594D /* Contact+CoreDataClass.swift in Sources */ = {isa = PBXBuildFile; fileRef = EE06A3B7287DBAA10086594D /* Contact+CoreDataClass.swift */; };
		EE06A3C8287DBAA10086594D /* Contact+CoreDataProperties.swift in Sources */ = {isa = PBXBuildFile; fileRef = EE06A3B8287DBAA10086594D /* Contact+CoreDataProperties.swift */; };
		EE06A3C9287DBAA10086594D /* Group+CoreDataClass.swift in Sources */ = {isa = PBXBuildFile; fileRef = EE06A3B9287DBAA10086594D /* Group+CoreDataClass.swift */; };
		EE06A3CA287DBAA10086594D /* Group+CoreDataProperties.swift in Sources */ = {isa = PBXBuildFile; fileRef = EE06A3BA287DBAA10086594D /* Group+CoreDataProperties.swift */; };
		EE06A3CB287DBAA10086594D /* Client+CoreDataClass.swift in Sources */ = {isa = PBXBuildFile; fileRef = EE06A3BB287DBAA10086594D /* Client+CoreDataClass.swift */; };
		EE06A3CC287DBAA10086594D /* Client+CoreDataProperties.swift in Sources */ = {isa = PBXBuildFile; fileRef = EE06A3BC287DBAA10086594D /* Client+CoreDataProperties.swift */; };
		EE06A3CD287DBAA10086594D /* OrderProduct+CoreDataClass.swift in Sources */ = {isa = PBXBuildFile; fileRef = EE06A3BD287DBAA10086594D /* OrderProduct+CoreDataClass.swift */; };
		EE06A3CE287DBAA10086594D /* OrderProduct+CoreDataProperties.swift in Sources */ = {isa = PBXBuildFile; fileRef = EE06A3BE287DBAA10086594D /* OrderProduct+CoreDataProperties.swift */; };
		EE06A3CF287DBAA10086594D /* Partner+CoreDataClass.swift in Sources */ = {isa = PBXBuildFile; fileRef = EE06A3BF287DBAA10086594D /* Partner+CoreDataClass.swift */; };
		EE06A3D0287DBAA10086594D /* Partner+CoreDataProperties.swift in Sources */ = {isa = PBXBuildFile; fileRef = EE06A3C0287DBAA10086594D /* Partner+CoreDataProperties.swift */; };
		EE06A3D3287DBBA00086594D /* CoreDataService.swift in Sources */ = {isa = PBXBuildFile; fileRef = EE06A3D2287DBBA00086594D /* CoreDataService.swift */; };
		EE06A3D5287DBBC10086594D /* FirstLoadService.swift in Sources */ = {isa = PBXBuildFile; fileRef = EE06A3D4287DBBC10086594D /* FirstLoadService.swift */; };
		EE06A3DA287DBD2E0086594D /* ViewController.swift in Sources */ = {isa = PBXBuildFile; fileRef = EE06A3D9287DBD2E0086594D /* ViewController.swift */; };
		EE06A3E2287DBE380086594D /* ProductVM.swift in Sources */ = {isa = PBXBuildFile; fileRef = EE06A3E1287DBE380086594D /* ProductVM.swift */; };
		EE06A3E5287DBE810086594D /* TypePriceTableViewCell.swift in Sources */ = {isa = PBXBuildFile; fileRef = EE06A3E4287DBE810086594D /* TypePriceTableViewCell.swift */; };
		EE06A3E7287DBEAD0086594D /* ProductTableViewCell.swift in Sources */ = {isa = PBXBuildFile; fileRef = EE06A3E6287DBEAD0086594D /* ProductTableViewCell.swift */; };
		EE06A3E9287DBEDE0086594D /* PriceTypeCell.swift in Sources */ = {isa = PBXBuildFile; fileRef = EE06A3E8287DBEDE0086594D /* PriceTypeCell.swift */; };
		EE06A3EB287DBF210086594D /* OrdersVC.swift in Sources */ = {isa = PBXBuildFile; fileRef = EE06A3EA287DBF210086594D /* OrdersVC.swift */; };
		EE06A3ED287DBF2C0086594D /* OrdersVM.swift in Sources */ = {isa = PBXBuildFile; fileRef = EE06A3EC287DBF2C0086594D /* OrdersVM.swift */; };
		EE06A3EF287DBF380086594D /* AddOrderVC.swift in Sources */ = {isa = PBXBuildFile; fileRef = EE06A3EE287DBF380086594D /* AddOrderVC.swift */; };
		EE06A3F2287DBF4B0086594D /* OrderCell.swift in Sources */ = {isa = PBXBuildFile; fileRef = EE06A3F1287DBF4B0086594D /* OrderCell.swift */; };
		EE06A3F4287DBF5C0086594D /* ProductOrderCell.swift in Sources */ = {isa = PBXBuildFile; fileRef = EE06A3F3287DBF5C0086594D /* ProductOrderCell.swift */; };
		EE06A3F6287DBFF20086594D /* ClientsVC.swift in Sources */ = {isa = PBXBuildFile; fileRef = EE06A3F5287DBFF20086594D /* ClientsVC.swift */; };
		EE06A3F8287DBFFF0086594D /* ClientsVM.swift in Sources */ = {isa = PBXBuildFile; fileRef = EE06A3F7287DBFFF0086594D /* ClientsVM.swift */; };
		EE06A3FA287DC00E0086594D /* PartnerVC.swift in Sources */ = {isa = PBXBuildFile; fileRef = EE06A3F9287DC00E0086594D /* PartnerVC.swift */; };
		EE06A3FD287DC0270086594D /* ClientCell.swift in Sources */ = {isa = PBXBuildFile; fileRef = EE06A3FC287DC0270086594D /* ClientCell.swift */; };
		EE06A3FF287DC05E0086594D /* PropertyVC.swift in Sources */ = {isa = PBXBuildFile; fileRef = EE06A3FE287DC05E0086594D /* PropertyVC.swift */; };
		EE06A401287DC0E30086594D /* TypePriceModel.swift in Sources */ = {isa = PBXBuildFile; fileRef = EE06A400287DC0E30086594D /* TypePriceModel.swift */; };
		EE06A403287DC10A0086594D /* Main.storyboard in Resources */ = {isa = PBXBuildFile; fileRef = EE06A402287DC10A0086594D /* Main.storyboard */; };
		EE06A406287DC15E0086594D /* ProfileVC.swift in Sources */ = {isa = PBXBuildFile; fileRef = EE06A405287DC15E0086594D /* ProfileVC.swift */; };
		EE06A4132885F37E0086594D /* GroupVC.swift in Sources */ = {isa = PBXBuildFile; fileRef = EE06A4122885F37E0086594D /* GroupVC.swift */; };
		EE06A4152885F3A60086594D /* GroupVM.swift in Sources */ = {isa = PBXBuildFile; fileRef = EE06A4142885F3A60086594D /* GroupVM.swift */; };
		EEBC4B912886C9C5003CBAE3 /* GroupVCModel.swift in Sources */ = {isa = PBXBuildFile; fileRef = EEBC4B902886C9C5003CBAE3 /* GroupVCModel.swift */; };
		EEBC4B942886DFAA003CBAE3 /* GroupCell.swift in Sources */ = {isa = PBXBuildFile; fileRef = EEBC4B932886DFAA003CBAE3 /* GroupCell.swift */; };
		EEBC4B9728880424003CBAE3 /* FirebaseChekModel.swift in Sources */ = {isa = PBXBuildFile; fileRef = EEBC4B9628880424003CBAE3 /* FirebaseChekModel.swift */; };
		EEE0F7EB288D85B6009893D3 /* AuthVC.swift in Sources */ = {isa = PBXBuildFile; fileRef = EEE0F7EA288D85B6009893D3 /* AuthVC.swift */; };
		EEE0F7ED288D85CB009893D3 /* AuthVM.swift in Sources */ = {isa = PBXBuildFile; fileRef = EEE0F7EC288D85CB009893D3 /* AuthVM.swift */; };
		EEE0F7EF288DDC2B009893D3 /* AuthPickerView.swift in Sources */ = {isa = PBXBuildFile; fileRef = EEE0F7EE288DDC2B009893D3 /* AuthPickerView.swift */; };
/* End PBXBuildFile section */

/* Begin PBXFileReference section */
		E9029D43288AC7DB0041CDE3 /* DatabaseService.swift */ = {isa = PBXFileReference; lastKnownFileType = sourcecode.swift; path = DatabaseService.swift; sourceTree = "<group>"; };
		E9029D45288E73570041CDE3 /* UserModel.swift */ = {isa = PBXFileReference; lastKnownFileType = sourcecode.swift; path = UserModel.swift; sourceTree = "<group>"; };
		E9029D47288E7FC10041CDE3 /* AuthService.swift */ = {isa = PBXFileReference; lastKnownFileType = sourcecode.swift; path = AuthService.swift; sourceTree = "<group>"; };
		E993252828815A8D0018D3CA /* GoogleService-Info.plist */ = {isa = PBXFileReference; fileEncoding = 4; lastKnownFileType = text.plist.xml; path = "GoogleService-Info.plist"; sourceTree = "<group>"; };
		E9932551288189A80018D3CA /* ProfileVM.swift */ = {isa = PBXFileReference; lastKnownFileType = sourcecode.swift; path = ProfileVM.swift; sourceTree = "<group>"; };
		E9E277A0287EBB0D00360F67 /* import_files */ = {isa = PBXFileReference; lastKnownFileType = folder; path = import_files; sourceTree = "<group>"; };
		E9E277A4287EF47400360F67 /* OrderModel.swift */ = {isa = PBXFileReference; lastKnownFileType = sourcecode.swift; path = OrderModel.swift; sourceTree = "<group>"; };
		E9E277A6287EF7FC00360F67 /* ShowOrderVC.swift */ = {isa = PBXFileReference; lastKnownFileType = sourcecode.swift; path = ShowOrderVC.swift; sourceTree = "<group>"; };
		E9E277A8287EF83A00360F67 /* ShowOrderVM.swift */ = {isa = PBXFileReference; lastKnownFileType = sourcecode.swift; path = ShowOrderVM.swift; sourceTree = "<group>"; };
		EE06A393287DB6EB0086594D /* PalitraProduct2.app */ = {isa = PBXFileReference; explicitFileType = wrapper.application; includeInIndex = 0; path = PalitraProduct2.app; sourceTree = BUILT_PRODUCTS_DIR; };
		EE06A396287DB6EB0086594D /* AppDelegate.swift */ = {isa = PBXFileReference; lastKnownFileType = sourcecode.swift; path = AppDelegate.swift; sourceTree = "<group>"; };
		EE06A398287DB6EB0086594D /* SceneDelegate.swift */ = {isa = PBXFileReference; lastKnownFileType = sourcecode.swift; path = SceneDelegate.swift; sourceTree = "<group>"; };
		EE06A3A0287DB6EB0086594D /* PalitraProduct2.xcdatamodel */ = {isa = PBXFileReference; lastKnownFileType = wrapper.xcdatamodel; path = PalitraProduct2.xcdatamodel; sourceTree = "<group>"; };
		EE06A3A2287DB6EC0086594D /* Assets.xcassets */ = {isa = PBXFileReference; lastKnownFileType = folder.assetcatalog; path = Assets.xcassets; sourceTree = "<group>"; };
		EE06A3A5287DB6EC0086594D /* Base */ = {isa = PBXFileReference; lastKnownFileType = file.storyboard; name = Base; path = Base.lproj/LaunchScreen.storyboard; sourceTree = "<group>"; };
		EE06A3A7287DB6EC0086594D /* Info.plist */ = {isa = PBXFileReference; lastKnownFileType = text.plist.xml; path = Info.plist; sourceTree = "<group>"; };
		EE06A3B1287DBAA10086594D /* Order+CoreDataClass.swift */ = {isa = PBXFileReference; lastKnownFileType = sourcecode.swift; path = "Order+CoreDataClass.swift"; sourceTree = "<group>"; };
		EE06A3B2287DBAA10086594D /* Order+CoreDataProperties.swift */ = {isa = PBXFileReference; lastKnownFileType = sourcecode.swift; path = "Order+CoreDataProperties.swift"; sourceTree = "<group>"; };
		EE06A3B3287DBAA10086594D /* Price+CoreDataClass.swift */ = {isa = PBXFileReference; lastKnownFileType = sourcecode.swift; path = "Price+CoreDataClass.swift"; sourceTree = "<group>"; };
		EE06A3B4287DBAA10086594D /* Price+CoreDataProperties.swift */ = {isa = PBXFileReference; lastKnownFileType = sourcecode.swift; path = "Price+CoreDataProperties.swift"; sourceTree = "<group>"; };
		EE06A3B5287DBAA10086594D /* Product+CoreDataClass.swift */ = {isa = PBXFileReference; lastKnownFileType = sourcecode.swift; path = "Product+CoreDataClass.swift"; sourceTree = "<group>"; };
		EE06A3B6287DBAA10086594D /* Product+CoreDataProperties.swift */ = {isa = PBXFileReference; lastKnownFileType = sourcecode.swift; path = "Product+CoreDataProperties.swift"; sourceTree = "<group>"; };
		EE06A3B7287DBAA10086594D /* Contact+CoreDataClass.swift */ = {isa = PBXFileReference; lastKnownFileType = sourcecode.swift; path = "Contact+CoreDataClass.swift"; sourceTree = "<group>"; };
		EE06A3B8287DBAA10086594D /* Contact+CoreDataProperties.swift */ = {isa = PBXFileReference; lastKnownFileType = sourcecode.swift; path = "Contact+CoreDataProperties.swift"; sourceTree = "<group>"; };
		EE06A3B9287DBAA10086594D /* Group+CoreDataClass.swift */ = {isa = PBXFileReference; lastKnownFileType = sourcecode.swift; path = "Group+CoreDataClass.swift"; sourceTree = "<group>"; };
		EE06A3BA287DBAA10086594D /* Group+CoreDataProperties.swift */ = {isa = PBXFileReference; lastKnownFileType = sourcecode.swift; path = "Group+CoreDataProperties.swift"; sourceTree = "<group>"; };
		EE06A3BB287DBAA10086594D /* Client+CoreDataClass.swift */ = {isa = PBXFileReference; lastKnownFileType = sourcecode.swift; path = "Client+CoreDataClass.swift"; sourceTree = "<group>"; };
		EE06A3BC287DBAA10086594D /* Client+CoreDataProperties.swift */ = {isa = PBXFileReference; lastKnownFileType = sourcecode.swift; path = "Client+CoreDataProperties.swift"; sourceTree = "<group>"; };
		EE06A3BD287DBAA10086594D /* OrderProduct+CoreDataClass.swift */ = {isa = PBXFileReference; lastKnownFileType = sourcecode.swift; path = "OrderProduct+CoreDataClass.swift"; sourceTree = "<group>"; };
		EE06A3BE287DBAA10086594D /* OrderProduct+CoreDataProperties.swift */ = {isa = PBXFileReference; lastKnownFileType = sourcecode.swift; path = "OrderProduct+CoreDataProperties.swift"; sourceTree = "<group>"; };
		EE06A3BF287DBAA10086594D /* Partner+CoreDataClass.swift */ = {isa = PBXFileReference; lastKnownFileType = sourcecode.swift; path = "Partner+CoreDataClass.swift"; sourceTree = "<group>"; };
		EE06A3C0287DBAA10086594D /* Partner+CoreDataProperties.swift */ = {isa = PBXFileReference; lastKnownFileType = sourcecode.swift; path = "Partner+CoreDataProperties.swift"; sourceTree = "<group>"; };
		EE06A3D2287DBBA00086594D /* CoreDataService.swift */ = {isa = PBXFileReference; lastKnownFileType = sourcecode.swift; path = CoreDataService.swift; sourceTree = "<group>"; };
		EE06A3D4287DBBC10086594D /* FirstLoadService.swift */ = {isa = PBXFileReference; lastKnownFileType = sourcecode.swift; path = FirstLoadService.swift; sourceTree = "<group>"; };
		EE06A3D9287DBD2E0086594D /* ViewController.swift */ = {isa = PBXFileReference; lastKnownFileType = sourcecode.swift; path = ViewController.swift; sourceTree = "<group>"; };
		EE06A3E1287DBE380086594D /* ProductVM.swift */ = {isa = PBXFileReference; lastKnownFileType = sourcecode.swift; path = ProductVM.swift; sourceTree = "<group>"; };
		EE06A3E4287DBE810086594D /* TypePriceTableViewCell.swift */ = {isa = PBXFileReference; lastKnownFileType = sourcecode.swift; path = TypePriceTableViewCell.swift; sourceTree = "<group>"; };
		EE06A3E6287DBEAD0086594D /* ProductTableViewCell.swift */ = {isa = PBXFileReference; lastKnownFileType = sourcecode.swift; path = ProductTableViewCell.swift; sourceTree = "<group>"; };
		EE06A3E8287DBEDE0086594D /* PriceTypeCell.swift */ = {isa = PBXFileReference; lastKnownFileType = sourcecode.swift; path = PriceTypeCell.swift; sourceTree = "<group>"; };
		EE06A3EA287DBF210086594D /* OrdersVC.swift */ = {isa = PBXFileReference; lastKnownFileType = sourcecode.swift; path = OrdersVC.swift; sourceTree = "<group>"; };
		EE06A3EC287DBF2C0086594D /* OrdersVM.swift */ = {isa = PBXFileReference; lastKnownFileType = sourcecode.swift; path = OrdersVM.swift; sourceTree = "<group>"; };
		EE06A3EE287DBF380086594D /* AddOrderVC.swift */ = {isa = PBXFileReference; lastKnownFileType = sourcecode.swift; path = AddOrderVC.swift; sourceTree = "<group>"; };
		EE06A3F1287DBF4B0086594D /* OrderCell.swift */ = {isa = PBXFileReference; lastKnownFileType = sourcecode.swift; path = OrderCell.swift; sourceTree = "<group>"; };
		EE06A3F3287DBF5C0086594D /* ProductOrderCell.swift */ = {isa = PBXFileReference; lastKnownFileType = sourcecode.swift; path = ProductOrderCell.swift; sourceTree = "<group>"; };
		EE06A3F5287DBFF20086594D /* ClientsVC.swift */ = {isa = PBXFileReference; lastKnownFileType = sourcecode.swift; path = ClientsVC.swift; sourceTree = "<group>"; };
		EE06A3F7287DBFFF0086594D /* ClientsVM.swift */ = {isa = PBXFileReference; lastKnownFileType = sourcecode.swift; path = ClientsVM.swift; sourceTree = "<group>"; };
		EE06A3F9287DC00E0086594D /* PartnerVC.swift */ = {isa = PBXFileReference; lastKnownFileType = sourcecode.swift; path = PartnerVC.swift; sourceTree = "<group>"; };
		EE06A3FC287DC0270086594D /* ClientCell.swift */ = {isa = PBXFileReference; lastKnownFileType = sourcecode.swift; path = ClientCell.swift; sourceTree = "<group>"; };
		EE06A3FE287DC05E0086594D /* PropertyVC.swift */ = {isa = PBXFileReference; lastKnownFileType = sourcecode.swift; path = PropertyVC.swift; sourceTree = "<group>"; };
		EE06A400287DC0E30086594D /* TypePriceModel.swift */ = {isa = PBXFileReference; lastKnownFileType = sourcecode.swift; path = TypePriceModel.swift; sourceTree = "<group>"; };
		EE06A402287DC10A0086594D /* Main.storyboard */ = {isa = PBXFileReference; fileEncoding = 4; lastKnownFileType = file.storyboard; path = Main.storyboard; sourceTree = "<group>"; };
		EE06A405287DC15E0086594D /* ProfileVC.swift */ = {isa = PBXFileReference; lastKnownFileType = sourcecode.swift; path = ProfileVC.swift; sourceTree = "<group>"; };
		EE06A4122885F37E0086594D /* GroupVC.swift */ = {isa = PBXFileReference; lastKnownFileType = sourcecode.swift; path = GroupVC.swift; sourceTree = "<group>"; };
		EE06A4142885F3A60086594D /* GroupVM.swift */ = {isa = PBXFileReference; lastKnownFileType = sourcecode.swift; path = GroupVM.swift; sourceTree = "<group>"; };
		EEBC4B902886C9C5003CBAE3 /* GroupVCModel.swift */ = {isa = PBXFileReference; lastKnownFileType = sourcecode.swift; path = GroupVCModel.swift; sourceTree = "<group>"; };
		EEBC4B932886DFAA003CBAE3 /* GroupCell.swift */ = {isa = PBXFileReference; lastKnownFileType = sourcecode.swift; path = GroupCell.swift; sourceTree = "<group>"; };
		EEBC4B9628880424003CBAE3 /* FirebaseChekModel.swift */ = {isa = PBXFileReference; lastKnownFileType = sourcecode.swift; path = FirebaseChekModel.swift; sourceTree = "<group>"; };
		EEE0F7EA288D85B6009893D3 /* AuthVC.swift */ = {isa = PBXFileReference; lastKnownFileType = sourcecode.swift; path = AuthVC.swift; sourceTree = "<group>"; };
		EEE0F7EC288D85CB009893D3 /* AuthVM.swift */ = {isa = PBXFileReference; lastKnownFileType = sourcecode.swift; path = AuthVM.swift; sourceTree = "<group>"; };
		EEE0F7EE288DDC2B009893D3 /* AuthPickerView.swift */ = {isa = PBXFileReference; lastKnownFileType = sourcecode.swift; path = AuthPickerView.swift; sourceTree = "<group>"; };
/* End PBXFileReference section */

/* Begin PBXFrameworksBuildPhase section */
		EE06A390287DB6EB0086594D /* Frameworks */ = {
			isa = PBXFrameworksBuildPhase;
			buildActionMask = 2147483647;
			files = (
				E986930E288F3145009DFF0C /* FirebaseDatabaseSwift in Frameworks */,
				E9869305288F30D4009DFF0C /* AEXML in Frameworks */,
				E9869318288F3145009DFF0C /* FirebaseStorageCombine-Community in Frameworks */,
				E9869316288F3145009DFF0C /* FirebaseStorage in Frameworks */,
				E986930A288F3145009DFF0C /* FirebaseAuthCombine-Community in Frameworks */,
				E986930C288F3145009DFF0C /* FirebaseDatabase in Frameworks */,
				E9869308288F3145009DFF0C /* FirebaseAuth in Frameworks */,
				E9869310288F3145009DFF0C /* FirebaseFirestore in Frameworks */,
				E9869312288F3145009DFF0C /* FirebaseFirestoreCombine-Community in Frameworks */,
				E9869314288F3145009DFF0C /* FirebaseFirestoreSwift in Frameworks */,
			);
			runOnlyForDeploymentPostprocessing = 0;
		};
/* End PBXFrameworksBuildPhase section */

/* Begin PBXGroup section */
		E9E277A3287EF3FF00360F67 /* CoreDataModels */ = {
			isa = PBXGroup;
			children = (
				EE06A3B1287DBAA10086594D /* Order+CoreDataClass.swift */,
				EE06A3B2287DBAA10086594D /* Order+CoreDataProperties.swift */,
				EE06A3B3287DBAA10086594D /* Price+CoreDataClass.swift */,
				EE06A3B4287DBAA10086594D /* Price+CoreDataProperties.swift */,
				EE06A3B5287DBAA10086594D /* Product+CoreDataClass.swift */,
				EE06A3B6287DBAA10086594D /* Product+CoreDataProperties.swift */,
				EE06A3B7287DBAA10086594D /* Contact+CoreDataClass.swift */,
				EE06A3B8287DBAA10086594D /* Contact+CoreDataProperties.swift */,
				EE06A3B9287DBAA10086594D /* Group+CoreDataClass.swift */,
				EE06A3BA287DBAA10086594D /* Group+CoreDataProperties.swift */,
				EE06A3BB287DBAA10086594D /* Client+CoreDataClass.swift */,
				EE06A3BC287DBAA10086594D /* Client+CoreDataProperties.swift */,
				EE06A3BD287DBAA10086594D /* OrderProduct+CoreDataClass.swift */,
				EE06A3BE287DBAA10086594D /* OrderProduct+CoreDataProperties.swift */,
				EE06A3BF287DBAA10086594D /* Partner+CoreDataClass.swift */,
				EE06A3C0287DBAA10086594D /* Partner+CoreDataProperties.swift */,
			);
			path = CoreDataModels;
			sourceTree = "<group>";
		};
		EE06A38A287DB6EB0086594D = {
			isa = PBXGroup;
			children = (
				EE06A395287DB6EB0086594D /* PalitraProduct2 */,
				EE06A394287DB6EB0086594D /* Products */,
			);
			sourceTree = "<group>";
		};
		EE06A394287DB6EB0086594D /* Products */ = {
			isa = PBXGroup;
			children = (
				EE06A393287DB6EB0086594D /* PalitraProduct2.app */,
			);
			name = Products;
			sourceTree = "<group>";
		};
		EE06A395287DB6EB0086594D /* PalitraProduct2 */ = {
			isa = PBXGroup;
			children = (
				EE06A3D1287DBB8D0086594D /* Services */,
				EE06A3B0287DBA840086594D /* Models */,
				EE06A3DC287DBD970086594D /* Modules */,
				EE06A398287DB6EB0086594D /* SceneDelegate.swift */,
				EE06A396287DB6EB0086594D /* AppDelegate.swift */,
				EE06A402287DC10A0086594D /* Main.storyboard */,
				EE06A3A2287DB6EC0086594D /* Assets.xcassets */,
				EE06A3A4287DB6EC0086594D /* LaunchScreen.storyboard */,
				EE06A3A7287DB6EC0086594D /* Info.plist */,
				E993252828815A8D0018D3CA /* GoogleService-Info.plist */,
				EE06A39F287DB6EB0086594D /* PalitraProduct2.xcdatamodeld */,
				E9E277A0287EBB0D00360F67 /* import_files */,
			);
			path = PalitraProduct2;
			sourceTree = "<group>";
		};
		EE06A3B0287DBA840086594D /* Models */ = {
			isa = PBXGroup;
			children = (
				EEE0F7E828882741009893D3 /* FirebaseModels */,
				EE06A400287DC0E30086594D /* TypePriceModel.swift */,
				EEBC4B902886C9C5003CBAE3 /* GroupVCModel.swift */,
				E9E277A3287EF3FF00360F67 /* CoreDataModels */,
			);
			path = Models;
			sourceTree = "<group>";
		};
		EE06A3D1287DBB8D0086594D /* Services */ = {
			isa = PBXGroup;
			children = (
				EE06A3D2287DBBA00086594D /* CoreDataService.swift */,
				E9029D47288E7FC10041CDE3 /* AuthService.swift */,
				EE06A3D4287DBBC10086594D /* FirstLoadService.swift */,
				E9029D43288AC7DB0041CDE3 /* DatabaseService.swift */,
			);
			path = Services;
			sourceTree = "<group>";
		};
		EE06A3DC287DBD970086594D /* Modules */ = {
			isa = PBXGroup;
			children = (
				EEE0F7E9288D859C009893D3 /* Authentification */,
				EE06A4112885F3680086594D /* Group */,
				EE06A404287DC14F0086594D /* Profile */,
				EE06A3E0287DBDE10086594D /* Product */,
				EE06A3DF287DBDD00086594D /* Order */,
				EE06A3DE287DBDCA0086594D /* Client */,
				EE06A3DD287DBDC20086594D /* Property */,
			);
			path = Modules;
			sourceTree = "<group>";
		};
		EE06A3DD287DBDC20086594D /* Property */ = {
			isa = PBXGroup;
			children = (
				EE06A3FE287DC05E0086594D /* PropertyVC.swift */,
			);
			path = Property;
			sourceTree = "<group>";
		};
		EE06A3DE287DBDCA0086594D /* Client */ = {
			isa = PBXGroup;
			children = (
				EE06A3FB287DC01A0086594D /* Cell */,
				EE06A3F5287DBFF20086594D /* ClientsVC.swift */,
				EE06A3F7287DBFFF0086594D /* ClientsVM.swift */,
				EE06A3F9287DC00E0086594D /* PartnerVC.swift */,
			);
			path = Client;
			sourceTree = "<group>";
		};
		EE06A3DF287DBDD00086594D /* Order */ = {
			isa = PBXGroup;
			children = (
				EE06A3F0287DBF3D0086594D /* Cell */,
				EE06A3EA287DBF210086594D /* OrdersVC.swift */,
				EE06A3EC287DBF2C0086594D /* OrdersVM.swift */,
				E9E277A6287EF7FC00360F67 /* ShowOrderVC.swift */,
				E9E277A8287EF83A00360F67 /* ShowOrderVM.swift */,
				EE06A3EE287DBF380086594D /* AddOrderVC.swift */,
			);
			path = Order;
			sourceTree = "<group>";
		};
		EE06A3E0287DBDE10086594D /* Product */ = {
			isa = PBXGroup;
			children = (
				EE06A3E3287DBE620086594D /* Cell */,
				EE06A3D9287DBD2E0086594D /* ViewController.swift */,
				EE06A3E1287DBE380086594D /* ProductVM.swift */,
			);
			path = Product;
			sourceTree = "<group>";
		};
		EE06A3E3287DBE620086594D /* Cell */ = {
			isa = PBXGroup;
			children = (
				EE06A3E4287DBE810086594D /* TypePriceTableViewCell.swift */,
				EE06A3E6287DBEAD0086594D /* ProductTableViewCell.swift */,
				EE06A3E8287DBEDE0086594D /* PriceTypeCell.swift */,
			);
			path = Cell;
			sourceTree = "<group>";
		};
		EE06A3F0287DBF3D0086594D /* Cell */ = {
			isa = PBXGroup;
			children = (
				EE06A3F1287DBF4B0086594D /* OrderCell.swift */,
				EE06A3F3287DBF5C0086594D /* ProductOrderCell.swift */,
			);
			path = Cell;
			sourceTree = "<group>";
		};
		EE06A3FB287DC01A0086594D /* Cell */ = {
			isa = PBXGroup;
			children = (
				EE06A3FC287DC0270086594D /* ClientCell.swift */,
			);
			path = Cell;
			sourceTree = "<group>";
		};
		EE06A404287DC14F0086594D /* Profile */ = {
			isa = PBXGroup;
			children = (
				EE06A405287DC15E0086594D /* ProfileVC.swift */,
				E9932551288189A80018D3CA /* ProfileVM.swift */,
			);
			path = Profile;
			sourceTree = "<group>";
		};
		EE06A4112885F3680086594D /* Group */ = {
			isa = PBXGroup;
			children = (
				EEBC4B922886DF94003CBAE3 /* Cell */,
				EE06A4122885F37E0086594D /* GroupVC.swift */,
				EE06A4142885F3A60086594D /* GroupVM.swift */,
			);
			path = Group;
			sourceTree = "<group>";
		};
		EEBC4B922886DF94003CBAE3 /* Cell */ = {
			isa = PBXGroup;
			children = (
				EEBC4B932886DFAA003CBAE3 /* GroupCell.swift */,
			);
			path = Cell;
			sourceTree = "<group>";
		};
		EEE0F7E828882741009893D3 /* FirebaseModels */ = {
			isa = PBXGroup;
			children = (
				E9E277A4287EF47400360F67 /* OrderModel.swift */,
				EEBC4B9628880424003CBAE3 /* FirebaseChekModel.swift */,
				E9029D45288E73570041CDE3 /* UserModel.swift */,
			);
			path = FirebaseModels;
			sourceTree = "<group>";
		};
		EEE0F7E9288D859C009893D3 /* Authentification */ = {
			isa = PBXGroup;
			children = (
				EEE0F7EA288D85B6009893D3 /* AuthVC.swift */,
				EEE0F7EE288DDC2B009893D3 /* AuthPickerView.swift */,
				EEE0F7EC288D85CB009893D3 /* AuthVM.swift */,
			);
			path = Authentification;
			sourceTree = "<group>";
		};
/* End PBXGroup section */

/* Begin PBXNativeTarget section */
		EE06A392287DB6EB0086594D /* PalitraProduct2 */ = {
			isa = PBXNativeTarget;
			buildConfigurationList = EE06A3AA287DB6EC0086594D /* Build configuration list for PBXNativeTarget "PalitraProduct2" */;
			buildPhases = (
				EE06A38F287DB6EB0086594D /* Sources */,
				EE06A390287DB6EB0086594D /* Frameworks */,
				EE06A391287DB6EB0086594D /* Resources */,
			);
			buildRules = (
			);
			dependencies = (
			);
			name = PalitraProduct2;
			packageProductDependencies = (
				E9869304288F30D4009DFF0C /* AEXML */,
				E9869307288F3145009DFF0C /* FirebaseAuth */,
				E9869309288F3145009DFF0C /* FirebaseAuthCombine-Community */,
				E986930B288F3145009DFF0C /* FirebaseDatabase */,
				E986930D288F3145009DFF0C /* FirebaseDatabaseSwift */,
				E986930F288F3145009DFF0C /* FirebaseFirestore */,
				E9869311288F3145009DFF0C /* FirebaseFirestoreCombine-Community */,
				E9869313288F3145009DFF0C /* FirebaseFirestoreSwift */,
				E9869315288F3145009DFF0C /* FirebaseStorage */,
				E9869317288F3145009DFF0C /* FirebaseStorageCombine-Community */,
			);
			productName = PalitraProduct2;
			productReference = EE06A393287DB6EB0086594D /* PalitraProduct2.app */;
			productType = "com.apple.product-type.application";
		};
/* End PBXNativeTarget section */

/* Begin PBXProject section */
		EE06A38B287DB6EB0086594D /* Project object */ = {
			isa = PBXProject;
			attributes = {
				BuildIndependentTargetsInParallel = 1;
				LastSwiftUpdateCheck = 1340;
				LastUpgradeCheck = 1340;
				TargetAttributes = {
					EE06A392287DB6EB0086594D = {
						CreatedOnToolsVersion = 13.4.1;
					};
				};
			};
			buildConfigurationList = EE06A38E287DB6EB0086594D /* Build configuration list for PBXProject "PalitraProduct2" */;
			compatibilityVersion = "Xcode 13.0";
			developmentRegion = en;
			hasScannedForEncodings = 0;
			knownRegions = (
				en,
				Base,
			);
			mainGroup = EE06A38A287DB6EB0086594D;
			packageReferences = (
				E9869303288F30D4009DFF0C /* XCRemoteSwiftPackageReference "AEXML" */,
				E9869306288F3145009DFF0C /* XCRemoteSwiftPackageReference "firebase-ios-sdk" */,
			);
			productRefGroup = EE06A394287DB6EB0086594D /* Products */;
			projectDirPath = "";
			projectRoot = "";
			targets = (
				EE06A392287DB6EB0086594D /* PalitraProduct2 */,
			);
		};
/* End PBXProject section */

/* Begin PBXResourcesBuildPhase section */
		EE06A391287DB6EB0086594D /* Resources */ = {
			isa = PBXResourcesBuildPhase;
			buildActionMask = 2147483647;
			files = (
				EE06A3A6287DB6EC0086594D /* LaunchScreen.storyboard in Resources */,
				E9E277A1287EBB0D00360F67 /* import_files in Resources */,
				E993252928815A8D0018D3CA /* GoogleService-Info.plist in Resources */,
				EE06A3A3287DB6EC0086594D /* Assets.xcassets in Resources */,
				EE06A403287DC10A0086594D /* Main.storyboard in Resources */,
			);
			runOnlyForDeploymentPostprocessing = 0;
		};
/* End PBXResourcesBuildPhase section */

/* Begin PBXSourcesBuildPhase section */
		EE06A38F287DB6EB0086594D /* Sources */ = {
			isa = PBXSourcesBuildPhase;
			buildActionMask = 2147483647;
			files = (
				EEE0F7ED288D85CB009893D3 /* AuthVM.swift in Sources */,
				EE06A4152885F3A60086594D /* GroupVM.swift in Sources */,
				EE06A401287DC0E30086594D /* TypePriceModel.swift in Sources */,
				EE06A3C8287DBAA10086594D /* Contact+CoreDataProperties.swift in Sources */,
				E9E277A7287EF7FC00360F67 /* ShowOrderVC.swift in Sources */,
				EE06A3F6287DBFF20086594D /* ClientsVC.swift in Sources */,
				EE06A3F8287DBFFF0086594D /* ClientsVM.swift in Sources */,
				E9029D44288AC7DB0041CDE3 /* DatabaseService.swift in Sources */,
				EE06A3C6287DBAA10086594D /* Product+CoreDataProperties.swift in Sources */,
				EE06A3C2287DBAA10086594D /* Order+CoreDataProperties.swift in Sources */,
				EE06A3FA287DC00E0086594D /* PartnerVC.swift in Sources */,
				EE06A3ED287DBF2C0086594D /* OrdersVM.swift in Sources */,
				EEE0F7EB288D85B6009893D3 /* AuthVC.swift in Sources */,
				EE06A3FD287DC0270086594D /* ClientCell.swift in Sources */,
				EE06A3CF287DBAA10086594D /* Partner+CoreDataClass.swift in Sources */,
				EE06A3DA287DBD2E0086594D /* ViewController.swift in Sources */,
				EE06A4132885F37E0086594D /* GroupVC.swift in Sources */,
				E9E277A9287EF83A00360F67 /* ShowOrderVM.swift in Sources */,
				E9029D46288E73570041CDE3 /* UserModel.swift in Sources */,
				E9029D48288E7FC20041CDE3 /* AuthService.swift in Sources */,
				EEBC4B912886C9C5003CBAE3 /* GroupVCModel.swift in Sources */,
				EE06A3E9287DBEDE0086594D /* PriceTypeCell.swift in Sources */,
				EE06A3CD287DBAA10086594D /* OrderProduct+CoreDataClass.swift in Sources */,
				EE06A3E2287DBE380086594D /* ProductVM.swift in Sources */,
				EE06A3C3287DBAA10086594D /* Price+CoreDataClass.swift in Sources */,
				EEBC4B9728880424003CBAE3 /* FirebaseChekModel.swift in Sources */,
				EEE0F7EF288DDC2B009893D3 /* AuthPickerView.swift in Sources */,
				EE06A3CC287DBAA10086594D /* Client+CoreDataProperties.swift in Sources */,
				E9E277A5287EF47400360F67 /* OrderModel.swift in Sources */,
				EE06A3D3287DBBA00086594D /* CoreDataService.swift in Sources */,
				EE06A3F4287DBF5C0086594D /* ProductOrderCell.swift in Sources */,
				EE06A3EF287DBF380086594D /* AddOrderVC.swift in Sources */,
				EE06A3A1287DB6EB0086594D /* PalitraProduct2.xcdatamodeld in Sources */,
				EE06A397287DB6EB0086594D /* AppDelegate.swift in Sources */,
				EE06A3E7287DBEAD0086594D /* ProductTableViewCell.swift in Sources */,
				EE06A406287DC15E0086594D /* ProfileVC.swift in Sources */,
				EE06A3C5287DBAA10086594D /* Product+CoreDataClass.swift in Sources */,
				EE06A3C1287DBAA10086594D /* Order+CoreDataClass.swift in Sources */,
				EEBC4B942886DFAA003CBAE3 /* GroupCell.swift in Sources */,
				EE06A3C7287DBAA10086594D /* Contact+CoreDataClass.swift in Sources */,
				EE06A3CE287DBAA10086594D /* OrderProduct+CoreDataProperties.swift in Sources */,
				EE06A3FF287DC05E0086594D /* PropertyVC.swift in Sources */,
				EE06A399287DB6EB0086594D /* SceneDelegate.swift in Sources */,
				EE06A3EB287DBF210086594D /* OrdersVC.swift in Sources */,
				EE06A3F2287DBF4B0086594D /* OrderCell.swift in Sources */,
				EE06A3C4287DBAA10086594D /* Price+CoreDataProperties.swift in Sources */,
				EE06A3D0287DBAA10086594D /* Partner+CoreDataProperties.swift in Sources */,
				EE06A3C9287DBAA10086594D /* Group+CoreDataClass.swift in Sources */,
				EE06A3CA287DBAA10086594D /* Group+CoreDataProperties.swift in Sources */,
				EE06A3D5287DBBC10086594D /* FirstLoadService.swift in Sources */,
				EE06A3CB287DBAA10086594D /* Client+CoreDataClass.swift in Sources */,
				E9932552288189A80018D3CA /* ProfileVM.swift in Sources */,
				EE06A3E5287DBE810086594D /* TypePriceTableViewCell.swift in Sources */,
			);
			runOnlyForDeploymentPostprocessing = 0;
		};
/* End PBXSourcesBuildPhase section */

/* Begin PBXVariantGroup section */
		EE06A3A4287DB6EC0086594D /* LaunchScreen.storyboard */ = {
			isa = PBXVariantGroup;
			children = (
				EE06A3A5287DB6EC0086594D /* Base */,
			);
			name = LaunchScreen.storyboard;
			sourceTree = "<group>";
		};
/* End PBXVariantGroup section */

/* Begin XCBuildConfiguration section */
		EE06A3A8287DB6EC0086594D /* Debug */ = {
			isa = XCBuildConfiguration;
			buildSettings = {
				ALWAYS_SEARCH_USER_PATHS = NO;
				CLANG_ANALYZER_NONNULL = YES;
				CLANG_ANALYZER_NUMBER_OBJECT_CONVERSION = YES_AGGRESSIVE;
				CLANG_CXX_LANGUAGE_STANDARD = "gnu++17";
				CLANG_ENABLE_MODULES = YES;
				CLANG_ENABLE_OBJC_ARC = YES;
				CLANG_ENABLE_OBJC_WEAK = YES;
				CLANG_WARN_BLOCK_CAPTURE_AUTORELEASING = YES;
				CLANG_WARN_BOOL_CONVERSION = YES;
				CLANG_WARN_COMMA = YES;
				CLANG_WARN_CONSTANT_CONVERSION = YES;
				CLANG_WARN_DEPRECATED_OBJC_IMPLEMENTATIONS = YES;
				CLANG_WARN_DIRECT_OBJC_ISA_USAGE = YES_ERROR;
				CLANG_WARN_DOCUMENTATION_COMMENTS = YES;
				CLANG_WARN_EMPTY_BODY = YES;
				CLANG_WARN_ENUM_CONVERSION = YES;
				CLANG_WARN_INFINITE_RECURSION = YES;
				CLANG_WARN_INT_CONVERSION = YES;
				CLANG_WARN_NON_LITERAL_NULL_CONVERSION = YES;
				CLANG_WARN_OBJC_IMPLICIT_RETAIN_SELF = YES;
				CLANG_WARN_OBJC_LITERAL_CONVERSION = YES;
				CLANG_WARN_OBJC_ROOT_CLASS = YES_ERROR;
				CLANG_WARN_QUOTED_INCLUDE_IN_FRAMEWORK_HEADER = YES;
				CLANG_WARN_RANGE_LOOP_ANALYSIS = YES;
				CLANG_WARN_STRICT_PROTOTYPES = YES;
				CLANG_WARN_SUSPICIOUS_MOVE = YES;
				CLANG_WARN_UNGUARDED_AVAILABILITY = YES_AGGRESSIVE;
				CLANG_WARN_UNREACHABLE_CODE = YES;
				CLANG_WARN__DUPLICATE_METHOD_MATCH = YES;
				COPY_PHASE_STRIP = NO;
				DEBUG_INFORMATION_FORMAT = dwarf;
				ENABLE_STRICT_OBJC_MSGSEND = YES;
				ENABLE_TESTABILITY = YES;
				GCC_C_LANGUAGE_STANDARD = gnu11;
				GCC_DYNAMIC_NO_PIC = NO;
				GCC_NO_COMMON_BLOCKS = YES;
				GCC_OPTIMIZATION_LEVEL = 0;
				GCC_PREPROCESSOR_DEFINITIONS = (
					"DEBUG=1",
					"$(inherited)",
				);
				GCC_WARN_64_TO_32_BIT_CONVERSION = YES;
				GCC_WARN_ABOUT_RETURN_TYPE = YES_ERROR;
				GCC_WARN_UNDECLARED_SELECTOR = YES;
				GCC_WARN_UNINITIALIZED_AUTOS = YES_AGGRESSIVE;
				GCC_WARN_UNUSED_FUNCTION = YES;
				GCC_WARN_UNUSED_VARIABLE = YES;
				IPHONEOS_DEPLOYMENT_TARGET = 15.5;
				MTL_ENABLE_DEBUG_INFO = INCLUDE_SOURCE;
				MTL_FAST_MATH = YES;
				ONLY_ACTIVE_ARCH = YES;
				SDKROOT = iphoneos;
				SWIFT_ACTIVE_COMPILATION_CONDITIONS = DEBUG;
				SWIFT_OPTIMIZATION_LEVEL = "-Onone";
			};
			name = Debug;
		};
		EE06A3A9287DB6EC0086594D /* Release */ = {
			isa = XCBuildConfiguration;
			buildSettings = {
				ALWAYS_SEARCH_USER_PATHS = NO;
				CLANG_ANALYZER_NONNULL = YES;
				CLANG_ANALYZER_NUMBER_OBJECT_CONVERSION = YES_AGGRESSIVE;
				CLANG_CXX_LANGUAGE_STANDARD = "gnu++17";
				CLANG_ENABLE_MODULES = YES;
				CLANG_ENABLE_OBJC_ARC = YES;
				CLANG_ENABLE_OBJC_WEAK = YES;
				CLANG_WARN_BLOCK_CAPTURE_AUTORELEASING = YES;
				CLANG_WARN_BOOL_CONVERSION = YES;
				CLANG_WARN_COMMA = YES;
				CLANG_WARN_CONSTANT_CONVERSION = YES;
				CLANG_WARN_DEPRECATED_OBJC_IMPLEMENTATIONS = YES;
				CLANG_WARN_DIRECT_OBJC_ISA_USAGE = YES_ERROR;
				CLANG_WARN_DOCUMENTATION_COMMENTS = YES;
				CLANG_WARN_EMPTY_BODY = YES;
				CLANG_WARN_ENUM_CONVERSION = YES;
				CLANG_WARN_INFINITE_RECURSION = YES;
				CLANG_WARN_INT_CONVERSION = YES;
				CLANG_WARN_NON_LITERAL_NULL_CONVERSION = YES;
				CLANG_WARN_OBJC_IMPLICIT_RETAIN_SELF = YES;
				CLANG_WARN_OBJC_LITERAL_CONVERSION = YES;
				CLANG_WARN_OBJC_ROOT_CLASS = YES_ERROR;
				CLANG_WARN_QUOTED_INCLUDE_IN_FRAMEWORK_HEADER = YES;
				CLANG_WARN_RANGE_LOOP_ANALYSIS = YES;
				CLANG_WARN_STRICT_PROTOTYPES = YES;
				CLANG_WARN_SUSPICIOUS_MOVE = YES;
				CLANG_WARN_UNGUARDED_AVAILABILITY = YES_AGGRESSIVE;
				CLANG_WARN_UNREACHABLE_CODE = YES;
				CLANG_WARN__DUPLICATE_METHOD_MATCH = YES;
				COPY_PHASE_STRIP = NO;
				DEBUG_INFORMATION_FORMAT = "dwarf-with-dsym";
				ENABLE_NS_ASSERTIONS = NO;
				ENABLE_STRICT_OBJC_MSGSEND = YES;
				GCC_C_LANGUAGE_STANDARD = gnu11;
				GCC_NO_COMMON_BLOCKS = YES;
				GCC_WARN_64_TO_32_BIT_CONVERSION = YES;
				GCC_WARN_ABOUT_RETURN_TYPE = YES_ERROR;
				GCC_WARN_UNDECLARED_SELECTOR = YES;
				GCC_WARN_UNINITIALIZED_AUTOS = YES_AGGRESSIVE;
				GCC_WARN_UNUSED_FUNCTION = YES;
				GCC_WARN_UNUSED_VARIABLE = YES;
				IPHONEOS_DEPLOYMENT_TARGET = 15.5;
				MTL_ENABLE_DEBUG_INFO = NO;
				MTL_FAST_MATH = YES;
				SDKROOT = iphoneos;
				SWIFT_COMPILATION_MODE = wholemodule;
				SWIFT_OPTIMIZATION_LEVEL = "-O";
				VALIDATE_PRODUCT = YES;
			};
			name = Release;
		};
		EE06A3AB287DB6EC0086594D /* Debug */ = {
			isa = XCBuildConfiguration;
			buildSettings = {
				ASSETCATALOG_COMPILER_APPICON_NAME = AppIcon;
				ASSETCATALOG_COMPILER_GLOBAL_ACCENT_COLOR_NAME = AccentColor;
				CODE_SIGN_STYLE = Automatic;
				CURRENT_PROJECT_VERSION = 1;
				DEVELOPMENT_TEAM = FBLPLXDN3A;
				GENERATE_INFOPLIST_FILE = YES;
				INFOPLIST_FILE = PalitraProduct2/Info.plist;
				INFOPLIST_KEY_UIApplicationSupportsIndirectInputEvents = YES;
				INFOPLIST_KEY_UILaunchStoryboardName = LaunchScreen;
				INFOPLIST_KEY_UIMainStoryboardFile = Main;
				INFOPLIST_KEY_UISupportedInterfaceOrientations_iPad = "UIInterfaceOrientationPortrait UIInterfaceOrientationPortraitUpsideDown UIInterfaceOrientationLandscapeLeft UIInterfaceOrientationLandscapeRight";
				INFOPLIST_KEY_UISupportedInterfaceOrientations_iPhone = "UIInterfaceOrientationPortrait UIInterfaceOrientationLandscapeLeft UIInterfaceOrientationLandscapeRight";
				IPHONEOS_DEPLOYMENT_TARGET = 15.5;
				LD_RUNPATH_SEARCH_PATHS = (
					"$(inherited)",
					"@executable_path/Frameworks",
				);
				MARKETING_VERSION = 1.0;
				PRODUCT_BUNDLE_IDENTIFIER = personal.PalitraProduct2;
				PRODUCT_NAME = "$(TARGET_NAME)";
				SWIFT_EMIT_LOC_STRINGS = YES;
				SWIFT_VERSION = 5.0;
				TARGETED_DEVICE_FAMILY = "1,2";
			};
			name = Debug;
		};
		EE06A3AC287DB6EC0086594D /* Release */ = {
			isa = XCBuildConfiguration;
			buildSettings = {
				ASSETCATALOG_COMPILER_APPICON_NAME = AppIcon;
				ASSETCATALOG_COMPILER_GLOBAL_ACCENT_COLOR_NAME = AccentColor;
				CODE_SIGN_STYLE = Automatic;
				CURRENT_PROJECT_VERSION = 1;
				DEVELOPMENT_TEAM = FBLPLXDN3A;
				GENERATE_INFOPLIST_FILE = YES;
				INFOPLIST_FILE = PalitraProduct2/Info.plist;
				INFOPLIST_KEY_UIApplicationSupportsIndirectInputEvents = YES;
				INFOPLIST_KEY_UILaunchStoryboardName = LaunchScreen;
				INFOPLIST_KEY_UIMainStoryboardFile = Main;
				INFOPLIST_KEY_UISupportedInterfaceOrientations_iPad = "UIInterfaceOrientationPortrait UIInterfaceOrientationPortraitUpsideDown UIInterfaceOrientationLandscapeLeft UIInterfaceOrientationLandscapeRight";
				INFOPLIST_KEY_UISupportedInterfaceOrientations_iPhone = "UIInterfaceOrientationPortrait UIInterfaceOrientationLandscapeLeft UIInterfaceOrientationLandscapeRight";
				IPHONEOS_DEPLOYMENT_TARGET = 15.5;
				LD_RUNPATH_SEARCH_PATHS = (
					"$(inherited)",
					"@executable_path/Frameworks",
				);
				MARKETING_VERSION = 1.0;
				PRODUCT_BUNDLE_IDENTIFIER = personal.PalitraProduct2;
				PRODUCT_NAME = "$(TARGET_NAME)";
				SWIFT_EMIT_LOC_STRINGS = YES;
				SWIFT_VERSION = 5.0;
				TARGETED_DEVICE_FAMILY = "1,2";
			};
			name = Release;
		};
/* End XCBuildConfiguration section */

/* Begin XCConfigurationList section */
		EE06A38E287DB6EB0086594D /* Build configuration list for PBXProject "PalitraProduct2" */ = {
			isa = XCConfigurationList;
			buildConfigurations = (
				EE06A3A8287DB6EC0086594D /* Debug */,
				EE06A3A9287DB6EC0086594D /* Release */,
			);
			defaultConfigurationIsVisible = 0;
			defaultConfigurationName = Release;
		};
		EE06A3AA287DB6EC0086594D /* Build configuration list for PBXNativeTarget "PalitraProduct2" */ = {
			isa = XCConfigurationList;
			buildConfigurations = (
				EE06A3AB287DB6EC0086594D /* Debug */,
				EE06A3AC287DB6EC0086594D /* Release */,
			);
			defaultConfigurationIsVisible = 0;
			defaultConfigurationName = Release;
		};
/* End XCConfigurationList section */

/* Begin XCRemoteSwiftPackageReference section */
		E9869303288F30D4009DFF0C /* XCRemoteSwiftPackageReference "AEXML" */ = {
			isa = XCRemoteSwiftPackageReference;
			repositoryURL = "https://github.com/tadija/AEXML.git";
			requirement = {
				branch = master;
				kind = branch;
			};
		};
		E9869306288F3145009DFF0C /* XCRemoteSwiftPackageReference "firebase-ios-sdk" */ = {
			isa = XCRemoteSwiftPackageReference;
			repositoryURL = "https://github.com/firebase/firebase-ios-sdk";
			requirement = {
				branch = master;
				kind = branch;
			};
		};
/* End XCRemoteSwiftPackageReference section */

/* Begin XCSwiftPackageProductDependency section */
		E9869304288F30D4009DFF0C /* AEXML */ = {
			isa = XCSwiftPackageProductDependency;
			package = E9869303288F30D4009DFF0C /* XCRemoteSwiftPackageReference "AEXML" */;
			productName = AEXML;
		};
		E9869307288F3145009DFF0C /* FirebaseAuth */ = {
			isa = XCSwiftPackageProductDependency;
			package = E9869306288F3145009DFF0C /* XCRemoteSwiftPackageReference "firebase-ios-sdk" */;
			productName = FirebaseAuth;
		};
		E9869309288F3145009DFF0C /* FirebaseAuthCombine-Community */ = {
			isa = XCSwiftPackageProductDependency;
			package = E9869306288F3145009DFF0C /* XCRemoteSwiftPackageReference "firebase-ios-sdk" */;
			productName = "FirebaseAuthCombine-Community";
		};
		E986930B288F3145009DFF0C /* FirebaseDatabase */ = {
			isa = XCSwiftPackageProductDependency;
			package = E9869306288F3145009DFF0C /* XCRemoteSwiftPackageReference "firebase-ios-sdk" */;
			productName = FirebaseDatabase;
		};
		E986930D288F3145009DFF0C /* FirebaseDatabaseSwift */ = {
			isa = XCSwiftPackageProductDependency;
			package = E9869306288F3145009DFF0C /* XCRemoteSwiftPackageReference "firebase-ios-sdk" */;
			productName = FirebaseDatabaseSwift;
		};
		E986930F288F3145009DFF0C /* FirebaseFirestore */ = {
			isa = XCSwiftPackageProductDependency;
			package = E9869306288F3145009DFF0C /* XCRemoteSwiftPackageReference "firebase-ios-sdk" */;
			productName = FirebaseFirestore;
		};
		E9869311288F3145009DFF0C /* FirebaseFirestoreCombine-Community */ = {
			isa = XCSwiftPackageProductDependency;
			package = E9869306288F3145009DFF0C /* XCRemoteSwiftPackageReference "firebase-ios-sdk" */;
			productName = "FirebaseFirestoreCombine-Community";
		};
		E9869313288F3145009DFF0C /* FirebaseFirestoreSwift */ = {
			isa = XCSwiftPackageProductDependency;
			package = E9869306288F3145009DFF0C /* XCRemoteSwiftPackageReference "firebase-ios-sdk" */;
			productName = FirebaseFirestoreSwift;
		};
		E9869315288F3145009DFF0C /* FirebaseStorage */ = {
			isa = XCSwiftPackageProductDependency;
			package = E9869306288F3145009DFF0C /* XCRemoteSwiftPackageReference "firebase-ios-sdk" */;
			productName = FirebaseStorage;
		};
		E9869317288F3145009DFF0C /* FirebaseStorageCombine-Community */ = {
			isa = XCSwiftPackageProductDependency;
			package = E9869306288F3145009DFF0C /* XCRemoteSwiftPackageReference "firebase-ios-sdk" */;
			productName = "FirebaseStorageCombine-Community";
		};
/* End XCSwiftPackageProductDependency section */

/* Begin XCVersionGroup section */
		EE06A39F287DB6EB0086594D /* PalitraProduct2.xcdatamodeld */ = {
			isa = XCVersionGroup;
			children = (
				EE06A3A0287DB6EB0086594D /* PalitraProduct2.xcdatamodel */,
			);
			currentVersion = EE06A3A0287DB6EB0086594D /* PalitraProduct2.xcdatamodel */;
			path = PalitraProduct2.xcdatamodeld;
			sourceTree = "<group>";
			versionGroupType = wrapper.xcdatamodel;
		};
/* End XCVersionGroup section */
	};
	rootObject = EE06A38B287DB6EB0086594D /* Project object */;
}
