// !$*UTF8*$!
{
	archiveVersion = 1;
	classes = {
	};
	objectVersion = 55;
	objects = {

/* Begin PBXBuildFile section */
		EE06A397287DB6EB0086594D /* AppDelegate.swift in Sources */ = {isa = PBXBuildFile; fileRef = EE06A396287DB6EB0086594D /* AppDelegate.swift */; };
		EE06A399287DB6EB0086594D /* SceneDelegate.swift in Sources */ = {isa = PBXBuildFile; fileRef = EE06A398287DB6EB0086594D /* SceneDelegate.swift */; };
		EE06A39B287DB6EB0086594D /* ViewController.swift in Sources */ = {isa = PBXBuildFile; fileRef = EE06A39A287DB6EB0086594D /* ViewController.swift */; };
		EE06A39E287DB6EB0086594D /* Main.storyboard in Resources */ = {isa = PBXBuildFile; fileRef = EE06A39C287DB6EB0086594D /* Main.storyboard */; };
		EE06A3A1287DB6EB0086594D /* PalitraProduct2.xcdatamodeld in Sources */ = {isa = PBXBuildFile; fileRef = EE06A39F287DB6EB0086594D /* PalitraProduct2.xcdatamodeld */; };
		EE06A3A3287DB6EC0086594D /* Assets.xcassets in Resources */ = {isa = PBXBuildFile; fileRef = EE06A3A2287DB6EC0086594D /* Assets.xcassets */; };
		EE06A3A6287DB6EC0086594D /* LaunchScreen.storyboard in Resources */ = {isa = PBXBuildFile; fileRef = EE06A3A4287DB6EC0086594D /* LaunchScreen.storyboard */; };
/* End PBXBuildFile section */

/* Begin PBXFileReference section */
		EE06A393287DB6EB0086594D /* PalitraProduct2.app */ = {isa = PBXFileReference; explicitFileType = wrapper.application; includeInIndex = 0; path = PalitraProduct2.app; sourceTree = BUILT_PRODUCTS_DIR; };
		EE06A396287DB6EB0086594D /* AppDelegate.swift */ = {isa = PBXFileReference; lastKnownFileType = sourcecode.swift; path = AppDelegate.swift; sourceTree = "<group>"; };
		EE06A398287DB6EB0086594D /* SceneDelegate.swift */ = {isa = PBXFileReference; lastKnownFileType = sourcecode.swift; path = SceneDelegate.swift; sourceTree = "<group>"; };
		EE06A39A287DB6EB0086594D /* ViewController.swift */ = {isa = PBXFileReference; lastKnownFileType = sourcecode.swift; path = ViewController.swift; sourceTree = "<group>"; };
		EE06A39D287DB6EB0086594D /* Base */ = {isa = PBXFileReference; lastKnownFileType = file.storyboard; name = Base; path = Base.lproj/Main.storyboard; sourceTree = "<group>"; };
		EE06A3A0287DB6EB0086594D /* PalitraProduct2.xcdatamodel */ = {isa = PBXFileReference; lastKnownFileType = wrapper.xcdatamodel; path = PalitraProduct2.xcdatamodel; sourceTree = "<group>"; };
		EE06A3A2287DB6EC0086594D /* Assets.xcassets */ = {isa = PBXFileReference; lastKnownFileType = folder.assetcatalog; path = Assets.xcassets; sourceTree = "<group>"; };
		EE06A3A5287DB6EC0086594D /* Base */ = {isa = PBXFileReference; lastKnownFileType = file.storyboard; name = Base; path = Base.lproj/LaunchScreen.storyboard; sourceTree = "<group>"; };
		EE06A3A7287DB6EC0086594D /* Info.plist */ = {isa = PBXFileReference; lastKnownFileType = text.plist.xml; path = Info.plist; sourceTree = "<group>"; };
/* End PBXFileReference section */

/* Begin PBXFrameworksBuildPhase section */
		EE06A390287DB6EB0086594D /* Frameworks */ = {
			isa = PBXFrameworksBuildPhase;
			buildActionMask = 2147483647;
			files = (
			);
			runOnlyForDeploymentPostprocessing = 0;
		};
/* End PBXFrameworksBuildPhase section */

/* Begin PBXGroup section */
		EE06A38A287DB6EB0086594D = {
			isa = PBXGroup;
			children = (
				EE06A395287DB6EB0086594D /* PalitraProduct2 */,
				EE06A394287DB6EB0086594D /* Products */,
			);
			sourceTree = "<group>";
		};
		EE06A394287DB6EB0086594D /* Products */ = {
			isa = PBXGroup;
			children = (
				EE06A393287DB6EB0086594D /* PalitraProduct2.app */,
			);
			name = Products;
			sourceTree = "<group>";
		};
		EE06A395287DB6EB0086594D /* PalitraProduct2 */ = {
			isa = PBXGroup;
			children = (
				EE06A396287DB6EB0086594D /* AppDelegate.swift */,
				EE06A398287DB6EB0086594D /* SceneDelegate.swift */,
				EE06A39A287DB6EB0086594D /* ViewController.swift */,
				EE06A39C287DB6EB0086594D /* Main.storyboard */,
				EE06A3A2287DB6EC0086594D /* Assets.xcassets */,
				EE06A3A4287DB6EC0086594D /* LaunchScreen.storyboard */,
				EE06A3A7287DB6EC0086594D /* Info.plist */,
				EE06A39F287DB6EB0086594D /* PalitraProduct2.xcdatamodeld */,
			);
			path = PalitraProduct2;
			sourceTree = "<group>";
		};
/* End PBXGroup section */

/* Begin PBXNativeTarget section */
		EE06A392287DB6EB0086594D /* PalitraProduct2 */ = {
			isa = PBXNativeTarget;
			buildConfigurationList = EE06A3AA287DB6EC0086594D /* Build configuration list for PBXNativeTarget "PalitraProduct2" */;
			buildPhases = (
				EE06A38F287DB6EB0086594D /* Sources */,
				EE06A390287DB6EB0086594D /* Frameworks */,
				EE06A391287DB6EB0086594D /* Resources */,
			);
			buildRules = (
			);
			dependencies = (
			);
			name = PalitraProduct2;
			productName = PalitraProduct2;
			productReference = EE06A393287DB6EB0086594D /* PalitraProduct2.app */;
			productType = "com.apple.product-type.application";
		};
/* End PBXNativeTarget section */

/* Begin PBXProject section */
		EE06A38B287DB6EB0086594D /* Project object */ = {
			isa = PBXProject;
			attributes = {
				BuildIndependentTargetsInParallel = 1;
				LastSwiftUpdateCheck = 1340;
				LastUpgradeCheck = 1340;
				TargetAttributes = {
					EE06A392287DB6EB0086594D = {
						CreatedOnToolsVersion = 13.4.1;
					};
				};
			};
			buildConfigurationList = EE06A38E287DB6EB0086594D /* Build configuration list for PBXProject "PalitraProduct2" */;
			compatibilityVersion = "Xcode 13.0";
			developmentRegion = en;
			hasScannedForEncodings = 0;
			knownRegions = (
				en,
				Base,
			);
			mainGroup = EE06A38A287DB6EB0086594D;
			productRefGroup = EE06A394287DB6EB0086594D /* Products */;
			projectDirPath = "";
			projectRoot = "";
			targets = (
				EE06A392287DB6EB0086594D /* PalitraProduct2 */,
			);
		};
/* End PBXProject section */

/* Begin PBXResourcesBuildPhase section */
		EE06A391287DB6EB0086594D /* Resources */ = {
			isa = PBXResourcesBuildPhase;
			buildActionMask = 2147483647;
			files = (
				EE06A3A6287DB6EC0086594D /* LaunchScreen.storyboard in Resources */,
				EE06A3A3287DB6EC0086594D /* Assets.xcassets in Resources */,
				EE06A39E287DB6EB0086594D /* Main.storyboard in Resources */,
			);
			runOnlyForDeploymentPostprocessing = 0;
		};
/* End PBXResourcesBuildPhase section */

/* Begin PBXSourcesBuildPhase section */
		EE06A38F287DB6EB0086594D /* Sources */ = {
			isa = PBXSourcesBuildPhase;
			buildActionMask = 2147483647;
			files = (
				EE06A3A1287DB6EB0086594D /* PalitraProduct2.xcdatamodeld in Sources */,
				EE06A39B287DB6EB0086594D /* ViewController.swift in Sources */,
				EE06A397287DB6EB0086594D /* AppDelegate.swift in Sources */,
				EE06A399287DB6EB0086594D /* SceneDelegate.swift in Sources */,
			);
			runOnlyForDeploymentPostprocessing = 0;
		};
/* End PBXSourcesBuildPhase section */

/* Begin PBXVariantGroup section */
		EE06A39C287DB6EB0086594D /* Main.storyboard */ = {
			isa = PBXVariantGroup;
			children = (
				EE06A39D287DB6EB0086594D /* Base */,
			);
			name = Main.storyboard;
			sourceTree = "<group>";
		};
		EE06A3A4287DB6EC0086594D /* LaunchScreen.storyboard */ = {
			isa = PBXVariantGroup;
			children = (
				EE06A3A5287DB6EC0086594D /* Base */,
			);
			name = LaunchScreen.storyboard;
			sourceTree = "<group>";
		};
/* End PBXVariantGroup section */

/* Begin XCBuildConfiguration section */
		EE06A3A8287DB6EC0086594D /* Debug */ = {
			isa = XCBuildConfiguration;
			buildSettings = {
				ALWAYS_SEARCH_USER_PATHS = NO;
				CLANG_ANALYZER_NONNULL = YES;
				CLANG_ANALYZER_NUMBER_OBJECT_CONVERSION = YES_AGGRESSIVE;
				CLANG_CXX_LANGUAGE_STANDARD = "gnu++17";
				CLANG_ENABLE_MODULES = YES;
				CLANG_ENABLE_OBJC_ARC = YES;
				CLANG_ENABLE_OBJC_WEAK = YES;
				CLANG_WARN_BLOCK_CAPTURE_AUTORELEASING = YES;
				CLANG_WARN_BOOL_CONVERSION = YES;
				CLANG_WARN_COMMA = YES;
				CLANG_WARN_CONSTANT_CONVERSION = YES;
				CLANG_WARN_DEPRECATED_OBJC_IMPLEMENTATIONS = YES;
				CLANG_WARN_DIRECT_OBJC_ISA_USAGE = YES_ERROR;
				CLANG_WARN_DOCUMENTATION_COMMENTS = YES;
				CLANG_WARN_EMPTY_BODY = YES;
				CLANG_WARN_ENUM_CONVERSION = YES;
				CLANG_WARN_INFINITE_RECURSION = YES;
				CLANG_WARN_INT_CONVERSION = YES;
				CLANG_WARN_NON_LITERAL_NULL_CONVERSION = YES;
				CLANG_WARN_OBJC_IMPLICIT_RETAIN_SELF = YES;
				CLANG_WARN_OBJC_LITERAL_CONVERSION = YES;
				CLANG_WARN_OBJC_ROOT_CLASS = YES_ERROR;
				CLANG_WARN_QUOTED_INCLUDE_IN_FRAMEWORK_HEADER = YES;
				CLANG_WARN_RANGE_LOOP_ANALYSIS = YES;
				CLANG_WARN_STRICT_PROTOTYPES = YES;
				CLANG_WARN_SUSPICIOUS_MOVE = YES;
				CLANG_WARN_UNGUARDED_AVAILABILITY = YES_AGGRESSIVE;
				CLANG_WARN_UNREACHABLE_CODE = YES;
				CLANG_WARN__DUPLICATE_METHOD_MATCH = YES;
				COPY_PHASE_STRIP = NO;
				DEBUG_INFORMATION_FORMAT = dwarf;
				ENABLE_STRICT_OBJC_MSGSEND = YES;
				ENABLE_TESTABILITY = YES;
				GCC_C_LANGUAGE_STANDARD = gnu11;
				GCC_DYNAMIC_NO_PIC = NO;
				GCC_NO_COMMON_BLOCKS = YES;
				GCC_OPTIMIZATION_LEVEL = 0;
				GCC_PREPROCESSOR_DEFINITIONS = (
					"DEBUG=1",
					"$(inherited)",
				);
				GCC_WARN_64_TO_32_BIT_CONVERSION = YES;
				GCC_WARN_ABOUT_RETURN_TYPE = YES_ERROR;
				GCC_WARN_UNDECLARED_SELECTOR = YES;
				GCC_WARN_UNINITIALIZED_AUTOS = YES_AGGRESSIVE;
				GCC_WARN_UNUSED_FUNCTION = YES;
				GCC_WARN_UNUSED_VARIABLE = YES;
				IPHONEOS_DEPLOYMENT_TARGET = 15.5;
				MTL_ENABLE_DEBUG_INFO = INCLUDE_SOURCE;
				MTL_FAST_MATH = YES;
				ONLY_ACTIVE_ARCH = YES;
				SDKROOT = iphoneos;
				SWIFT_ACTIVE_COMPILATION_CONDITIONS = DEBUG;
				SWIFT_OPTIMIZATION_LEVEL = "-Onone";
			};
			name = Debug;
		};
		EE06A3A9287DB6EC0086594D /* Release */ = {
			isa = XCBuildConfiguration;
			buildSettings = {
				ALWAYS_SEARCH_USER_PATHS = NO;
				CLANG_ANALYZER_NONNULL = YES;
				CLANG_ANALYZER_NUMBER_OBJECT_CONVERSION = YES_AGGRESSIVE;
				CLANG_CXX_LANGUAGE_STANDARD = "gnu++17";
				CLANG_ENABLE_MODULES = YES;
				CLANG_ENABLE_OBJC_ARC = YES;
				CLANG_ENABLE_OBJC_WEAK = YES;
				CLANG_WARN_BLOCK_CAPTURE_AUTORELEASING = YES;
				CLANG_WARN_BOOL_CONVERSION = YES;
				CLANG_WARN_COMMA = YES;
				CLANG_WARN_CONSTANT_CONVERSION = YES;
				CLANG_WARN_DEPRECATED_OBJC_IMPLEMENTATIONS = YES;
				CLANG_WARN_DIRECT_OBJC_ISA_USAGE = YES_ERROR;
				CLANG_WARN_DOCUMENTATION_COMMENTS = YES;
				CLANG_WARN_EMPTY_BODY = YES;
				CLANG_WARN_ENUM_CONVERSION = YES;
				CLANG_WARN_INFINITE_RECURSION = YES;
				CLANG_WARN_INT_CONVERSION = YES;
				CLANG_WARN_NON_LITERAL_NULL_CONVERSION = YES;
				CLANG_WARN_OBJC_IMPLICIT_RETAIN_SELF = YES;
				CLANG_WARN_OBJC_LITERAL_CONVERSION = YES;
				CLANG_WARN_OBJC_ROOT_CLASS = YES_ERROR;
				CLANG_WARN_QUOTED_INCLUDE_IN_FRAMEWORK_HEADER = YES;
				CLANG_WARN_RANGE_LOOP_ANALYSIS = YES;
				CLANG_WARN_STRICT_PROTOTYPES = YES;
				CLANG_WARN_SUSPICIOUS_MOVE = YES;
				CLANG_WARN_UNGUARDED_AVAILABILITY = YES_AGGRESSIVE;
				CLANG_WARN_UNREACHABLE_CODE = YES;
				CLANG_WARN__DUPLICATE_METHOD_MATCH = YES;
				COPY_PHASE_STRIP = NO;
				DEBUG_INFORMATION_FORMAT = "dwarf-with-dsym";
				ENABLE_NS_ASSERTIONS = NO;
				ENABLE_STRICT_OBJC_MSGSEND = YES;
				GCC_C_LANGUAGE_STANDARD = gnu11;
				GCC_NO_COMMON_BLOCKS = YES;
				GCC_WARN_64_TO_32_BIT_CONVERSION = YES;
				GCC_WARN_ABOUT_RETURN_TYPE = YES_ERROR;
				GCC_WARN_UNDECLARED_SELECTOR = YES;
				GCC_WARN_UNINITIALIZED_AUTOS = YES_AGGRESSIVE;
				GCC_WARN_UNUSED_FUNCTION = YES;
				GCC_WARN_UNUSED_VARIABLE = YES;
				IPHONEOS_DEPLOYMENT_TARGET = 15.5;
				MTL_ENABLE_DEBUG_INFO = NO;
				MTL_FAST_MATH = YES;
				SDKROOT = iphoneos;
				SWIFT_COMPILATION_MODE = wholemodule;
				SWIFT_OPTIMIZATION_LEVEL = "-O";
				VALIDATE_PRODUCT = YES;
			};
			name = Release;
		};
		EE06A3AB287DB6EC0086594D /* Debug */ = {
			isa = XCBuildConfiguration;
			buildSettings = {
				ASSETCATALOG_COMPILER_APPICON_NAME = AppIcon;
				ASSETCATALOG_COMPILER_GLOBAL_ACCENT_COLOR_NAME = AccentColor;
				CODE_SIGN_STYLE = Automatic;
				CURRENT_PROJECT_VERSION = 1;
				DEVELOPMENT_TEAM = FBLPLXDN3A;
				GENERATE_INFOPLIST_FILE = YES;
				INFOPLIST_FILE = PalitraProduct2/Info.plist;
				INFOPLIST_KEY_UIApplicationSupportsIndirectInputEvents = YES;
				INFOPLIST_KEY_UILaunchStoryboardName = LaunchScreen;
				INFOPLIST_KEY_UIMainStoryboardFile = Main;
				INFOPLIST_KEY_UISupportedInterfaceOrientations_iPad = "UIInterfaceOrientationPortrait UIInterfaceOrientationPortraitUpsideDown UIInterfaceOrientationLandscapeLeft UIInterfaceOrientationLandscapeRight";
				INFOPLIST_KEY_UISupportedInterfaceOrientations_iPhone = "UIInterfaceOrientationPortrait UIInterfaceOrientationLandscapeLeft UIInterfaceOrientationLandscapeRight";
				LD_RUNPATH_SEARCH_PATHS = (
					"$(inherited)",
					"@executable_path/Frameworks",
				);
				MARKETING_VERSION = 1.0;
				PRODUCT_BUNDLE_IDENTIFIER = personal.PalitraProduct2;
				PRODUCT_NAME = "$(TARGET_NAME)";
				SWIFT_EMIT_LOC_STRINGS = YES;
				SWIFT_VERSION = 5.0;
				TARGETED_DEVICE_FAMILY = "1,2";
			};
			name = Debug;
		};
		EE06A3AC287DB6EC0086594D /* Release */ = {
			isa = XCBuildConfiguration;
			buildSettings = {
				ASSETCATALOG_COMPILER_APPICON_NAME = AppIcon;
				ASSETCATALOG_COMPILER_GLOBAL_ACCENT_COLOR_NAME = AccentColor;
				CODE_SIGN_STYLE = Automatic;
				CURRENT_PROJECT_VERSION = 1;
				DEVELOPMENT_TEAM = FBLPLXDN3A;
				GENERATE_INFOPLIST_FILE = YES;
				INFOPLIST_FILE = PalitraProduct2/Info.plist;
				INFOPLIST_KEY_UIApplicationSupportsIndirectInputEvents = YES;
				INFOPLIST_KEY_UILaunchStoryboardName = LaunchScreen;
				INFOPLIST_KEY_UIMainStoryboardFile = Main;
				INFOPLIST_KEY_UISupportedInterfaceOrientations_iPad = "UIInterfaceOrientationPortrait UIInterfaceOrientationPortraitUpsideDown UIInterfaceOrientationLandscapeLeft UIInterfaceOrientationLandscapeRight";
				INFOPLIST_KEY_UISupportedInterfaceOrientations_iPhone = "UIInterfaceOrientationPortrait UIInterfaceOrientationLandscapeLeft UIInterfaceOrientationLandscapeRight";
				LD_RUNPATH_SEARCH_PATHS = (
					"$(inherited)",
					"@executable_path/Frameworks",
				);
				MARKETING_VERSION = 1.0;
				PRODUCT_BUNDLE_IDENTIFIER = personal.PalitraProduct2;
				PRODUCT_NAME = "$(TARGET_NAME)";
				SWIFT_EMIT_LOC_STRINGS = YES;
				SWIFT_VERSION = 5.0;
				TARGETED_DEVICE_FAMILY = "1,2";
			};
			name = Release;
		};
/* End XCBuildConfiguration section */

/* Begin XCConfigurationList section */
		EE06A38E287DB6EB0086594D /* Build configuration list for PBXProject "PalitraProduct2" */ = {
			isa = XCConfigurationList;
			buildConfigurations = (
				EE06A3A8287DB6EC0086594D /* Debug */,
				EE06A3A9287DB6EC0086594D /* Release */,
			);
			defaultConfigurationIsVisible = 0;
			defaultConfigurationName = Release;
		};
		EE06A3AA287DB6EC0086594D /* Build configuration list for PBXNativeTarget "PalitraProduct2" */ = {
			isa = XCConfigurationList;
			buildConfigurations = (
				EE06A3AB287DB6EC0086594D /* Debug */,
				EE06A3AC287DB6EC0086594D /* Release */,
			);
			defaultConfigurationIsVisible = 0;
			defaultConfigurationName = Release;
		};
/* End XCConfigurationList section */

/* Begin XCVersionGroup section */
		EE06A39F287DB6EB0086594D /* PalitraProduct2.xcdatamodeld */ = {
			isa = XCVersionGroup;
			children = (
				EE06A3A0287DB6EB0086594D /* PalitraProduct2.xcdatamodel */,
			);
			currentVersion = EE06A3A0287DB6EB0086594D /* PalitraProduct2.xcdatamodel */;
			path = PalitraProduct2.xcdatamodeld;
			sourceTree = "<group>";
			versionGroupType = wrapper.xcdatamodel;
		};
/* End XCVersionGroup section */
	};
	rootObject = EE06A38B287DB6EB0086594D /* Project object */;
}
